
Microsoft Visual Studio Solution File, Format Version 12.00
# Visual Studio Version 17
VisualStudioVersion = 17.0.31903.59
MinimumVisualStudioVersion = 10.0.40219.1
Project("{FAE04EC0-301F-11D3-BF4B-00C04F79EFBC}") = "EnergyApp", "EnergyApp\EnergyApp.csproj", "{682DED6B-E950-4A08-9FEE-ECB358CFA69B}"
EndProject
Project("{FAE04EC0-301F-11D3-BF4B-00C04F79EFBC}") = "EnergyApp.Test", "EnergyApp.Test\EnergyApp.Test.csproj", "{F74A665D-1558-4CA2-A6E8-4D4600717339}"
EndProject
Global
	GlobalSection(SolutionConfigurationPlatforms) = preSolution
		Debug|Any CPU = Debug|Any CPU
		Release|Any CPU = Release|Any CPU
	EndGlobalSection
	GlobalSection(SolutionProperties) = preSolution
		HideSolutionNode = FALSE
	EndGlobalSection
	GlobalSection(ProjectConfigurationPlatforms) = postSolution
		{682DED6B-E950-4A08-9FEE-ECB358CFA69B}.Debug|Any CPU.ActiveCfg = Debug|Any CPU
		{682DED6B-E950-4A08-9FEE-ECB358CFA69B}.Debug|Any CPU.Build.0 = Debug|Any CPU
		{682DED6B-E950-4A08-9FEE-ECB358CFA69B}.Release|Any CPU.ActiveCfg = Release|Any CPU
		{682DED6B-E950-4A08-9FEE-ECB358CFA69B}.Release|Any CPU.Build.0 = Release|Any CPU
		{F74A665D-1558-4CA2-A6E8-4D4600717339}.Debug|Any CPU.ActiveCfg = Debug|Any CPU
		{F74A665D-1558-4CA2-A6E8-4D4600717339}.Debug|Any CPU.Build.0 = Debug|Any CPU
		{F74A665D-1558-4CA2-A6E8-4D4600717339}.Release|Any CPU.ActiveCfg = Release|Any CPU
		{F74A665D-1558-4CA2-A6E8-4D4600717339}.Release|Any CPU.Build.0 = Release|Any CPU
	EndGlobalSection
EndGlobal
